// !$*UTF8*$!
{
	archiveVersion = 1;
	classes = {
	};
	objectVersion = 56;
	objects = {

/* Begin PBXBuildFile section */
		A77BD0032A418C8700160896 /* SwiftUIMapApp.swift in Sources */ = {isa = PBXBuildFile; fileRef = A77BD0022A418C8700160896 /* SwiftUIMapApp.swift */; };
		A77BD00A2A418C8900160896 /* Preview Assets.xcassets in Resources */ = {isa = PBXBuildFile; fileRef = A77BD0092A418C8900160896 /* Preview Assets.xcassets */; };
		A77BD0112A418CBD00160896 /* Assets.xcassets in Resources */ = {isa = PBXBuildFile; fileRef = A77BD0102A418CBD00160896 /* Assets.xcassets */; };
		A77BD0172A418CE000160896 /* LocationsDataService.swift in Sources */ = {isa = PBXBuildFile; fileRef = A77BD0162A418CE000160896 /* LocationsDataService.swift */; };
		A77BD0192A418CEA00160896 /* Location.swift in Sources */ = {isa = PBXBuildFile; fileRef = A77BD0182A418CEA00160896 /* Location.swift */; };
		A77BD01B2A418D3900160896 /* LocationsView.swift in Sources */ = {isa = PBXBuildFile; fileRef = A77BD01A2A418D3900160896 /* LocationsView.swift */; };
		A77BD01D2A4196D900160896 /* LocationsViewModel.swift in Sources */ = {isa = PBXBuildFile; fileRef = A77BD01C2A4196D900160896 /* LocationsViewModel.swift */; };
		A77BD01F2A41A62600160896 /* LocationsListView.swift in Sources */ = {isa = PBXBuildFile; fileRef = A77BD01E2A41A62600160896 /* LocationsListView.swift */; };
		A79820432A41C54900310CB5 /* LocationPreviewView.swift in Sources */ = {isa = PBXBuildFile; fileRef = A79820422A41C54900310CB5 /* LocationPreviewView.swift */; };
		A7CF8CE62A42E12C006EC082 /* LocationMapAnnotationView.swift in Sources */ = {isa = PBXBuildFile; fileRef = A7CF8CE52A42E12C006EC082 /* LocationMapAnnotationView.swift */; };
		A7CF8CE82A42E7B1006EC082 /* LocationDetailView.swift in Sources */ = {isa = PBXBuildFile; fileRef = A7CF8CE72A42E7B1006EC082 /* LocationDetailView.swift */; };
/* End PBXBuildFile section */

/* Begin PBXFileReference section */
		A77BCFFF2A418C8700160896 /* SwiftUIMap.app */ = {isa = PBXFileReference; explicitFileType = wrapper.application; includeInIndex = 0; path = SwiftUIMap.app; sourceTree = BUILT_PRODUCTS_DIR; };
		A77BD0022A418C8700160896 /* SwiftUIMapApp.swift */ = {isa = PBXFileReference; lastKnownFileType = sourcecode.swift; path = SwiftUIMapApp.swift; sourceTree = "<group>"; };
		A77BD0092A418C8900160896 /* Preview Assets.xcassets */ = {isa = PBXFileReference; lastKnownFileType = folder.assetcatalog; path = "Preview Assets.xcassets"; sourceTree = "<group>"; };
		A77BD0102A418CBD00160896 /* Assets.xcassets */ = {isa = PBXFileReference; lastKnownFileType = folder.assetcatalog; path = Assets.xcassets; sourceTree = "<group>"; };
		A77BD0162A418CE000160896 /* LocationsDataService.swift */ = {isa = PBXFileReference; fileEncoding = 4; lastKnownFileType = sourcecode.swift; path = LocationsDataService.swift; sourceTree = "<group>"; };
		A77BD0182A418CEA00160896 /* Location.swift */ = {isa = PBXFileReference; lastKnownFileType = sourcecode.swift; path = Location.swift; sourceTree = "<group>"; };
		A77BD01A2A418D3900160896 /* LocationsView.swift */ = {isa = PBXFileReference; lastKnownFileType = sourcecode.swift; path = LocationsView.swift; sourceTree = "<group>"; };
		A77BD01C2A4196D900160896 /* LocationsViewModel.swift */ = {isa = PBXFileReference; lastKnownFileType = sourcecode.swift; path = LocationsViewModel.swift; sourceTree = "<group>"; };
		A77BD01E2A41A62600160896 /* LocationsListView.swift */ = {isa = PBXFileReference; lastKnownFileType = sourcecode.swift; path = LocationsListView.swift; sourceTree = "<group>"; };
		A79820422A41C54900310CB5 /* LocationPreviewView.swift */ = {isa = PBXFileReference; lastKnownFileType = sourcecode.swift; path = LocationPreviewView.swift; sourceTree = "<group>"; };
		A7CF8CE52A42E12C006EC082 /* LocationMapAnnotationView.swift */ = {isa = PBXFileReference; lastKnownFileType = sourcecode.swift; path = LocationMapAnnotationView.swift; sourceTree = "<group>"; };
		A7CF8CE72A42E7B1006EC082 /* LocationDetailView.swift */ = {isa = PBXFileReference; lastKnownFileType = sourcecode.swift; path = LocationDetailView.swift; sourceTree = "<group>"; };
/* End PBXFileReference section */

/* Begin PBXFrameworksBuildPhase section */
		A77BCFFC2A418C8700160896 /* Frameworks */ = {
			isa = PBXFrameworksBuildPhase;
			buildActionMask = 2147483647;
			files = (
			);
			runOnlyForDeploymentPostprocessing = 0;
		};
/* End PBXFrameworksBuildPhase section */

/* Begin PBXGroup section */
		A77BCFF62A418C8700160896 = {
			isa = PBXGroup;
			children = (
				A77BD0012A418C8700160896 /* SwiftUIMap */,
				A77BD0002A418C8700160896 /* Products */,
			);
			sourceTree = "<group>";
		};
		A77BD0002A418C8700160896 /* Products */ = {
			isa = PBXGroup;
			children = (
				A77BCFFF2A418C8700160896 /* SwiftUIMap.app */,
			);
			name = Products;
			sourceTree = "<group>";
		};
		A77BD0012A418C8700160896 /* SwiftUIMap */ = {
			isa = PBXGroup;
			children = (
				A77BD0022A418C8700160896 /* SwiftUIMapApp.swift */,
				A77BD0152A418CD400160896 /* DataService */,
				A77BD0142A418CCF00160896 /* View */,
				A77BD0132A418CCA00160896 /* ViewModel */,
				A77BD0122A418CC400160896 /* Model */,
				A77BD0102A418CBD00160896 /* Assets.xcassets */,
				A77BD0082A418C8900160896 /* Preview Content */,
			);
			path = SwiftUIMap;
			sourceTree = "<group>";
		};
		A77BD0082A418C8900160896 /* Preview Content */ = {
			isa = PBXGroup;
			children = (
				A77BD0092A418C8900160896 /* Preview Assets.xcassets */,
			);
			path = "Preview Content";
			sourceTree = "<group>";
		};
		A77BD0122A418CC400160896 /* Model */ = {
			isa = PBXGroup;
			children = (
				A77BD0182A418CEA00160896 /* Location.swift */,
			);
			path = Model;
			sourceTree = "<group>";
		};
		A77BD0132A418CCA00160896 /* ViewModel */ = {
			isa = PBXGroup;
			children = (
				A77BD01C2A4196D900160896 /* LocationsViewModel.swift */,
			);
			path = ViewModel;
			sourceTree = "<group>";
		};
		A77BD0142A418CCF00160896 /* View */ = {
			isa = PBXGroup;
			children = (
				A77BD01A2A418D3900160896 /* LocationsView.swift */,
				A77BD01E2A41A62600160896 /* LocationsListView.swift */,
				A79820422A41C54900310CB5 /* LocationPreviewView.swift */,
				A7CF8CE52A42E12C006EC082 /* LocationMapAnnotationView.swift */,
				A7CF8CE72A42E7B1006EC082 /* LocationDetailView.swift */,
			);
			path = View;
			sourceTree = "<group>";
		};
		A77BD0152A418CD400160896 /* DataService */ = {
			isa = PBXGroup;
			children = (
				A77BD0162A418CE000160896 /* LocationsDataService.swift */,
			);
			path = DataService;
			sourceTree = "<group>";
		};
/* End PBXGroup section */

/* Begin PBXNativeTarget section */
		A77BCFFE2A418C8700160896 /* SwiftUIMap */ = {
			isa = PBXNativeTarget;
			buildConfigurationList = A77BD00D2A418C8900160896 /* Build configuration list for PBXNativeTarget "SwiftUIMap" */;
			buildPhases = (
				A77BCFFB2A418C8700160896 /* Sources */,
				A77BCFFC2A418C8700160896 /* Frameworks */,
				A77BCFFD2A418C8700160896 /* Resources */,
			);
			buildRules = (
			);
			dependencies = (
			);
			name = SwiftUIMap;
			productName = SwiftUIMap;
			productReference = A77BCFFF2A418C8700160896 /* SwiftUIMap.app */;
			productType = "com.apple.product-type.application";
		};
/* End PBXNativeTarget section */

/* Begin PBXProject section */
		A77BCFF72A418C8700160896 /* Project object */ = {
			isa = PBXProject;
			attributes = {
				BuildIndependentTargetsInParallel = 1;
				LastSwiftUpdateCheck = 1430;
				LastUpgradeCheck = 1430;
				TargetAttributes = {
					A77BCFFE2A418C8700160896 = {
						CreatedOnToolsVersion = 14.3.1;
					};
				};
			};
			buildConfigurationList = A77BCFFA2A418C8700160896 /* Build configuration list for PBXProject "SwiftUIMap" */;
			compatibilityVersion = "Xcode 14.0";
			developmentRegion = en;
			hasScannedForEncodings = 0;
			knownRegions = (
				en,
				Base,
			);
			mainGroup = A77BCFF62A418C8700160896;
			productRefGroup = A77BD0002A418C8700160896 /* Products */;
			projectDirPath = "";
			projectRoot = "";
			targets = (
				A77BCFFE2A418C8700160896 /* SwiftUIMap */,
			);
		};
/* End PBXProject section */

/* Begin PBXResourcesBuildPhase section */
		A77BCFFD2A418C8700160896 /* Resources */ = {
			isa = PBXResourcesBuildPhase;
			buildActionMask = 2147483647;
			files = (
				A77BD0112A418CBD00160896 /* Assets.xcassets in Resources */,
				A77BD00A2A418C8900160896 /* Preview Assets.xcassets in Resources */,
			);
			runOnlyForDeploymentPostprocessing = 0;
		};
/* End PBXResourcesBuildPhase section */

/* Begin PBXSourcesBuildPhase section */
		A77BCFFB2A418C8700160896 /* Sources */ = {
			isa = PBXSourcesBuildPhase;
			buildActionMask = 2147483647;
			files = (
				A77BD01F2A41A62600160896 /* LocationsListView.swift in Sources */,
				A77BD01D2A4196D900160896 /* LocationsViewModel.swift in Sources */,
				A7CF8CE82A42E7B1006EC082 /* LocationDetailView.swift in Sources */,
				A77BD0032A418C8700160896 /* SwiftUIMapApp.swift in Sources */,
				A77BD01B2A418D3900160896 /* LocationsView.swift in Sources */,
				A79820432A41C54900310CB5 /* LocationPreviewView.swift in Sources */,
				A77BD0192A418CEA00160896 /* Location.swift in Sources */,
				A77BD0172A418CE000160896 /* LocationsDataService.swift in Sources */,
				A7CF8CE62A42E12C006EC082 /* LocationMapAnnotationView.swift in Sources */,
			);
			runOnlyForDeploymentPostprocessing = 0;
		};
/* End PBXSourcesBuildPhase section */

/* Begin XCBuildConfiguration section */
		A77BD00B2A418C8900160896 /* Debug */ = {
			isa = XCBuildConfiguration;
			buildSettings = {
				ALWAYS_SEARCH_USER_PATHS = NO;
				CLANG_ANALYZER_NONNULL = YES;
				CLANG_ANALYZER_NUMBER_OBJECT_CONVERSION = YES_AGGRESSIVE;
				CLANG_CXX_LANGUAGE_STANDARD = "gnu++20";
				CLANG_ENABLE_MODULES = YES;
				CLANG_ENABLE_OBJC_ARC = YES;
				CLANG_ENABLE_OBJC_WEAK = YES;
				CLANG_WARN_BLOCK_CAPTURE_AUTORELEASING = YES;
				CLANG_WARN_BOOL_CONVERSION = YES;
				CLANG_WARN_COMMA = YES;
				CLANG_WARN_CONSTANT_CONVERSION = YES;
				CLANG_WARN_DEPRECATED_OBJC_IMPLEMENTATIONS = YES;
				CLANG_WARN_DIRECT_OBJC_ISA_USAGE = YES_ERROR;
				CLANG_WARN_DOCUMENTATION_COMMENTS = YES;
				CLANG_WARN_EMPTY_BODY = YES;
				CLANG_WARN_ENUM_CONVERSION = YES;
				CLANG_WARN_INFINITE_RECURSION = YES;
				CLANG_WARN_INT_CONVERSION = YES;
				CLANG_WARN_NON_LITERAL_NULL_CONVERSION = YES;
				CLANG_WARN_OBJC_IMPLICIT_RETAIN_SELF = YES;
				CLANG_WARN_OBJC_LITERAL_CONVERSION = YES;
				CLANG_WARN_OBJC_ROOT_CLASS = YES_ERROR;
				CLANG_WARN_QUOTED_INCLUDE_IN_FRAMEWORK_HEADER = YES;
				CLANG_WARN_RANGE_LOOP_ANALYSIS = YES;
				CLANG_WARN_STRICT_PROTOTYPES = YES;
				CLANG_WARN_SUSPICIOUS_MOVE = YES;
				CLANG_WARN_UNGUARDED_AVAILABILITY = YES_AGGRESSIVE;
				CLANG_WARN_UNREACHABLE_CODE = YES;
				CLANG_WARN__DUPLICATE_METHOD_MATCH = YES;
				COPY_PHASE_STRIP = NO;
				DEBUG_INFORMATION_FORMAT = dwarf;
				ENABLE_STRICT_OBJC_MSGSEND = YES;
				ENABLE_TESTABILITY = YES;
				GCC_C_LANGUAGE_STANDARD = gnu11;
				GCC_DYNAMIC_NO_PIC = NO;
				GCC_NO_COMMON_BLOCKS = YES;
				GCC_OPTIMIZATION_LEVEL = 0;
				GCC_PREPROCESSOR_DEFINITIONS = (
					"DEBUG=1",
					"$(inherited)",
				);
				GCC_WARN_64_TO_32_BIT_CONVERSION = YES;
				GCC_WARN_ABOUT_RETURN_TYPE = YES_ERROR;
				GCC_WARN_UNDECLARED_SELECTOR = YES;
				GCC_WARN_UNINITIALIZED_AUTOS = YES_AGGRESSIVE;
				GCC_WARN_UNUSED_FUNCTION = YES;
				GCC_WARN_UNUSED_VARIABLE = YES;
				IPHONEOS_DEPLOYMENT_TARGET = 16.4;
				MTL_ENABLE_DEBUG_INFO = INCLUDE_SOURCE;
				MTL_FAST_MATH = YES;
				ONLY_ACTIVE_ARCH = YES;
				SDKROOT = iphoneos;
				SWIFT_ACTIVE_COMPILATION_CONDITIONS = DEBUG;
				SWIFT_OPTIMIZATION_LEVEL = "-Onone";
			};
			name = Debug;
		};
		A77BD00C2A418C8900160896 /* Release */ = {
			isa = XCBuildConfiguration;
			buildSettings = {
				ALWAYS_SEARCH_USER_PATHS = NO;
				CLANG_ANALYZER_NONNULL = YES;
				CLANG_ANALYZER_NUMBER_OBJECT_CONVERSION = YES_AGGRESSIVE;
				CLANG_CXX_LANGUAGE_STANDARD = "gnu++20";
				CLANG_ENABLE_MODULES = YES;
				CLANG_ENABLE_OBJC_ARC = YES;
				CLANG_ENABLE_OBJC_WEAK = YES;
				CLANG_WARN_BLOCK_CAPTURE_AUTORELEASING = YES;
				CLANG_WARN_BOOL_CONVERSION = YES;
				CLANG_WARN_COMMA = YES;
				CLANG_WARN_CONSTANT_CONVERSION = YES;
				CLANG_WARN_DEPRECATED_OBJC_IMPLEMENTATIONS = YES;
				CLANG_WARN_DIRECT_OBJC_ISA_USAGE = YES_ERROR;
				CLANG_WARN_DOCUMENTATION_COMMENTS = YES;
				CLANG_WARN_EMPTY_BODY = YES;
				CLANG_WARN_ENUM_CONVERSION = YES;
				CLANG_WARN_INFINITE_RECURSION = YES;
				CLANG_WARN_INT_CONVERSION = YES;
				CLANG_WARN_NON_LITERAL_NULL_CONVERSION = YES;
				CLANG_WARN_OBJC_IMPLICIT_RETAIN_SELF = YES;
				CLANG_WARN_OBJC_LITERAL_CONVERSION = YES;
				CLANG_WARN_OBJC_ROOT_CLASS = YES_ERROR;
				CLANG_WARN_QUOTED_INCLUDE_IN_FRAMEWORK_HEADER = YES;
				CLANG_WARN_RANGE_LOOP_ANALYSIS = YES;
				CLANG_WARN_STRICT_PROTOTYPES = YES;
				CLANG_WARN_SUSPICIOUS_MOVE = YES;
				CLANG_WARN_UNGUARDED_AVAILABILITY = YES_AGGRESSIVE;
				CLANG_WARN_UNREACHABLE_CODE = YES;
				CLANG_WARN__DUPLICATE_METHOD_MATCH = YES;
				COPY_PHASE_STRIP = NO;
				DEBUG_INFORMATION_FORMAT = "dwarf-with-dsym";
				ENABLE_NS_ASSERTIONS = NO;
				ENABLE_STRICT_OBJC_MSGSEND = YES;
				GCC_C_LANGUAGE_STANDARD = gnu11;
				GCC_NO_COMMON_BLOCKS = YES;
				GCC_WARN_64_TO_32_BIT_CONVERSION = YES;
				GCC_WARN_ABOUT_RETURN_TYPE = YES_ERROR;
				GCC_WARN_UNDECLARED_SELECTOR = YES;
				GCC_WARN_UNINITIALIZED_AUTOS = YES_AGGRESSIVE;
				GCC_WARN_UNUSED_FUNCTION = YES;
				GCC_WARN_UNUSED_VARIABLE = YES;
				IPHONEOS_DEPLOYMENT_TARGET = 16.4;
				MTL_ENABLE_DEBUG_INFO = NO;
				MTL_FAST_MATH = YES;
				SDKROOT = iphoneos;
				SWIFT_COMPILATION_MODE = wholemodule;
				SWIFT_OPTIMIZATION_LEVEL = "-O";
				VALIDATE_PRODUCT = YES;
			};
			name = Release;
		};
		A77BD00E2A418C8900160896 /* Debug */ = {
			isa = XCBuildConfiguration;
			buildSettings = {
				ASSETCATALOG_COMPILER_APPICON_NAME = AppIcon;
				ASSETCATALOG_COMPILER_GLOBAL_ACCENT_COLOR_NAME = AccentColor;
				CODE_SIGN_STYLE = Automatic;
				CURRENT_PROJECT_VERSION = 1;
				DEVELOPMENT_ASSET_PATHS = "\"SwiftUIMap/Preview Content\"";
				DEVELOPMENT_TEAM = 43X8U5HZ8Y;
				ENABLE_PREVIEWS = YES;
				GENERATE_INFOPLIST_FILE = YES;
				INFOPLIST_KEY_UIApplicationSceneManifest_Generation = YES;
				INFOPLIST_KEY_UIApplicationSupportsIndirectInputEvents = YES;
				INFOPLIST_KEY_UILaunchScreen_Generation = YES;
				INFOPLIST_KEY_UISupportedInterfaceOrientations_iPad = "UIInterfaceOrientationPortrait UIInterfaceOrientationPortraitUpsideDown UIInterfaceOrientationLandscapeLeft UIInterfaceOrientationLandscapeRight";
				INFOPLIST_KEY_UISupportedInterfaceOrientations_iPhone = "UIInterfaceOrientationPortrait UIInterfaceOrientationLandscapeLeft UIInterfaceOrientationLandscapeRight";
				LD_RUNPATH_SEARCH_PATHS = (
					"$(inherited)",
					"@executable_path/Frameworks",
				);
				MARKETING_VERSION = 1.0;
				PRODUCT_BUNDLE_IDENTIFIER = com.vadimkononenko.SwiftUIMap;
				PRODUCT_NAME = "$(TARGET_NAME)";
				SWIFT_EMIT_LOC_STRINGS = YES;
				SWIFT_VERSION = 5.0;
				TARGETED_DEVICE_FAMILY = "1,2";
			};
			name = Debug;
		};
		A77BD00F2A418C8900160896 /* Release */ = {
			isa = XCBuildConfiguration;
			buildSettings = {
				ASSETCATALOG_COMPILER_APPICON_NAME = AppIcon;
				ASSETCATALOG_COMPILER_GLOBAL_ACCENT_COLOR_NAME = AccentColor;
				CODE_SIGN_STYLE = Automatic;
				CURRENT_PROJECT_VERSION = 1;
				DEVELOPMENT_ASSET_PATHS = "\"SwiftUIMap/Preview Content\"";
				DEVELOPMENT_TEAM = 43X8U5HZ8Y;
				ENABLE_PREVIEWS = YES;
				GENERATE_INFOPLIST_FILE = YES;
				INFOPLIST_KEY_UIApplicationSceneManifest_Generation = YES;
				INFOPLIST_KEY_UIApplicationSupportsIndirectInputEvents = YES;
				INFOPLIST_KEY_UILaunchScreen_Generation = YES;
				INFOPLIST_KEY_UISupportedInterfaceOrientations_iPad = "UIInterfaceOrientationPortrait UIInterfaceOrientationPortraitUpsideDown UIInterfaceOrientationLandscapeLeft UIInterfaceOrientationLandscapeRight";
				INFOPLIST_KEY_UISupportedInterfaceOrientations_iPhone = "UIInterfaceOrientationPortrait UIInterfaceOrientationLandscapeLeft UIInterfaceOrientationLandscapeRight";
				LD_RUNPATH_SEARCH_PATHS = (
					"$(inherited)",
					"@executable_path/Frameworks",
				);
				MARKETING_VERSION = 1.0;
				PRODUCT_BUNDLE_IDENTIFIER = com.vadimkononenko.SwiftUIMap;
				PRODUCT_NAME = "$(TARGET_NAME)";
				SWIFT_EMIT_LOC_STRINGS = YES;
				SWIFT_VERSION = 5.0;
				TARGETED_DEVICE_FAMILY = "1,2";
			};
			name = Release;
		};
/* End XCBuildConfiguration section */

/* Begin XCConfigurationList section */
		A77BCFFA2A418C8700160896 /* Build configuration list for PBXProject "SwiftUIMap" */ = {
			isa = XCConfigurationList;
			buildConfigurations = (
				A77BD00B2A418C8900160896 /* Debug */,
				A77BD00C2A418C8900160896 /* Release */,
			);
			defaultConfigurationIsVisible = 0;
			defaultConfigurationName = Release;
		};
		A77BD00D2A418C8900160896 /* Build configuration list for PBXNativeTarget "SwiftUIMap" */ = {
			isa = XCConfigurationList;
			buildConfigurations = (
				A77BD00E2A418C8900160896 /* Debug */,
				A77BD00F2A418C8900160896 /* Release */,
			);
			defaultConfigurationIsVisible = 0;
			defaultConfigurationName = Release;
		};
/* End XCConfigurationList section */
	};
	rootObject = A77BCFF72A418C8700160896 /* Project object */;
}
